
Microsoft Visual Studio Solution File, Format Version 12.00
# Visual Studio Version 17
VisualStudioVersion = 17.8.34601.278
MinimumVisualStudioVersion = 10.0.40219.1
Project("{9A19103F-16F7-4668-BE54-9A1E7A4F7556}") = "Amega.Integration.Api", "Amega.Integration.Api\Amega.Integration.Api.csproj", "{F73991FA-7EFE-48E6-868C-BF8AF4F5B121}"
EndProject
Project("{9A19103F-16F7-4668-BE54-9A1E7A4F7556}") = "Amega.Integration.Client", "Amega.Integration.Client\Amega.Integration.Client.csproj", "{547003C3-C8D3-4258-B322-3409B5990DEF}"
EndProject
Global
	GlobalSection(SolutionConfigurationPlatforms) = preSolution
		Debug|Any CPU = Debug|Any CPU
		Release|Any CPU = Release|Any CPU
	EndGlobalSection
	GlobalSection(ProjectConfigurationPlatforms) = postSolution
		{F73991FA-7EFE-48E6-868C-BF8AF4F5B121}.Debug|Any CPU.ActiveCfg = Debug|Any CPU
		{F73991FA-7EFE-48E6-868C-BF8AF4F5B121}.Debug|Any CPU.Build.0 = Debug|Any CPU
		{F73991FA-7EFE-48E6-868C-BF8AF4F5B121}.Release|Any CPU.ActiveCfg = Release|Any CPU
		{F73991FA-7EFE-48E6-868C-BF8AF4F5B121}.Release|Any CPU.Build.0 = Release|Any CPU
		{547003C3-C8D3-4258-B322-3409B5990DEF}.Debug|Any CPU.ActiveCfg = Debug|Any CPU
		{547003C3-C8D3-4258-B322-3409B5990DEF}.Debug|Any CPU.Build.0 = Debug|Any CPU
		{547003C3-C8D3-4258-B322-3409B5990DEF}.Release|Any CPU.ActiveCfg = Release|Any CPU
		{547003C3-C8D3-4258-B322-3409B5990DEF}.Release|Any CPU.Build.0 = Release|Any CPU
	EndGlobalSection
	GlobalSection(SolutionProperties) = preSolution
		HideSolutionNode = FALSE
	EndGlobalSection
	GlobalSection(ExtensibilityGlobals) = postSolution
		SolutionGuid = {F7C1FD64-8810-4F19-8B4B-E69FEE50BC0B}
	EndGlobalSection
EndGlobal
